// !$*UTF8*$!
{
	archiveVersion = 1;
	classes = {
	};
	objectVersion = 50;
	objects = {

/* Begin PBXBuildFile section */
		FD5E28D225A56B210049EA05 /* AppDelegate.swift in Sources */ = {isa = PBXBuildFile; fileRef = FD5E28D125A56B210049EA05 /* AppDelegate.swift */; };
		FD5E28D425A56B210049EA05 /* SceneDelegate.swift in Sources */ = {isa = PBXBuildFile; fileRef = FD5E28D325A56B210049EA05 /* SceneDelegate.swift */; };
		FD5E28D625A56B210049EA05 /* ViewController.swift in Sources */ = {isa = PBXBuildFile; fileRef = FD5E28D525A56B210049EA05 /* ViewController.swift */; };
		FD5E28D925A56B210049EA05 /* Main.storyboard in Resources */ = {isa = PBXBuildFile; fileRef = FD5E28D725A56B210049EA05 /* Main.storyboard */; };
		FD5E28DB25A56B210049EA05 /* Assets.xcassets in Resources */ = {isa = PBXBuildFile; fileRef = FD5E28DA25A56B210049EA05 /* Assets.xcassets */; };
		FD5E28DE25A56B210049EA05 /* LaunchScreen.storyboard in Resources */ = {isa = PBXBuildFile; fileRef = FD5E28DC25A56B210049EA05 /* LaunchScreen.storyboard */; };
		FD5E28E925A56B220049EA05 /* Tip_CalculatorTests.swift in Sources */ = {isa = PBXBuildFile; fileRef = FD5E28E825A56B220049EA05 /* Tip_CalculatorTests.swift */; };
		FD5E28F425A56B220049EA05 /* Tip_CalculatorUITests.swift in Sources */ = {isa = PBXBuildFile; fileRef = FD5E28F325A56B220049EA05 /* Tip_CalculatorUITests.swift */; };
		FD5E290825A61A640049EA05 /* SettingsViewController.swift in Sources */ = {isa = PBXBuildFile; fileRef = FD5E290725A61A640049EA05 /* SettingsViewController.swift */; };
/* End PBXBuildFile section */

/* Begin PBXContainerItemProxy section */
		FD5E28E525A56B220049EA05 /* PBXContainerItemProxy */ = {
			isa = PBXContainerItemProxy;
			containerPortal = FD5E28C625A56B210049EA05 /* Project object */;
			proxyType = 1;
			remoteGlobalIDString = FD5E28CD25A56B210049EA05;
			remoteInfo = "Tip Calculator";
		};
		FD5E28F025A56B220049EA05 /* PBXContainerItemProxy */ = {
			isa = PBXContainerItemProxy;
			containerPortal = FD5E28C625A56B210049EA05 /* Project object */;
			proxyType = 1;
			remoteGlobalIDString = FD5E28CD25A56B210049EA05;
			remoteInfo = "Tip Calculator";
		};
/* End PBXContainerItemProxy section */

/* Begin PBXFileReference section */
		FD5E28CE25A56B210049EA05 /* Tip Calculator.app */ = {isa = PBXFileReference; explicitFileType = wrapper.application; includeInIndex = 0; path = "Tip Calculator.app"; sourceTree = BUILT_PRODUCTS_DIR; };
		FD5E28D125A56B210049EA05 /* AppDelegate.swift */ = {isa = PBXFileReference; lastKnownFileType = sourcecode.swift; path = AppDelegate.swift; sourceTree = "<group>"; };
		FD5E28D325A56B210049EA05 /* SceneDelegate.swift */ = {isa = PBXFileReference; lastKnownFileType = sourcecode.swift; path = SceneDelegate.swift; sourceTree = "<group>"; };
		FD5E28D525A56B210049EA05 /* ViewController.swift */ = {isa = PBXFileReference; lastKnownFileType = sourcecode.swift; path = ViewController.swift; sourceTree = "<group>"; };
		FD5E28D825A56B210049EA05 /* Base */ = {isa = PBXFileReference; lastKnownFileType = file.storyboard; name = Base; path = Base.lproj/Main.storyboard; sourceTree = "<group>"; };
		FD5E28DA25A56B210049EA05 /* Assets.xcassets */ = {isa = PBXFileReference; lastKnownFileType = folder.assetcatalog; path = Assets.xcassets; sourceTree = "<group>"; };
		FD5E28DD25A56B210049EA05 /* Base */ = {isa = PBXFileReference; lastKnownFileType = file.storyboard; name = Base; path = Base.lproj/LaunchScreen.storyboard; sourceTree = "<group>"; };
		FD5E28DF25A56B210049EA05 /* Info.plist */ = {isa = PBXFileReference; lastKnownFileType = text.plist.xml; path = Info.plist; sourceTree = "<group>"; };
		FD5E28E425A56B220049EA05 /* Tip CalculatorTests.xctest */ = {isa = PBXFileReference; explicitFileType = wrapper.cfbundle; includeInIndex = 0; path = "Tip CalculatorTests.xctest"; sourceTree = BUILT_PRODUCTS_DIR; };
		FD5E28E825A56B220049EA05 /* Tip_CalculatorTests.swift */ = {isa = PBXFileReference; lastKnownFileType = sourcecode.swift; path = Tip_CalculatorTests.swift; sourceTree = "<group>"; };
		FD5E28EA25A56B220049EA05 /* Info.plist */ = {isa = PBXFileReference; lastKnownFileType = text.plist.xml; path = Info.plist; sourceTree = "<group>"; };
		FD5E28EF25A56B220049EA05 /* Tip CalculatorUITests.xctest */ = {isa = PBXFileReference; explicitFileType = wrapper.cfbundle; includeInIndex = 0; path = "Tip CalculatorUITests.xctest"; sourceTree = BUILT_PRODUCTS_DIR; };
		FD5E28F325A56B220049EA05 /* Tip_CalculatorUITests.swift */ = {isa = PBXFileReference; lastKnownFileType = sourcecode.swift; path = Tip_CalculatorUITests.swift; sourceTree = "<group>"; };
		FD5E28F525A56B220049EA05 /* Info.plist */ = {isa = PBXFileReference; lastKnownFileType = text.plist.xml; path = Info.plist; sourceTree = "<group>"; };
		FD5E290725A61A640049EA05 /* SettingsViewController.swift */ = {isa = PBXFileReference; lastKnownFileType = sourcecode.swift; path = SettingsViewController.swift; sourceTree = "<group>"; };
/* End PBXFileReference section */

/* Begin PBXFrameworksBuildPhase section */
		FD5E28CB25A56B210049EA05 /* Frameworks */ = {
			isa = PBXFrameworksBuildPhase;
			buildActionMask = 2147483647;
			files = (
			);
			runOnlyForDeploymentPostprocessing = 0;
		};
		FD5E28E125A56B220049EA05 /* Frameworks */ = {
			isa = PBXFrameworksBuildPhase;
			buildActionMask = 2147483647;
			files = (
			);
			runOnlyForDeploymentPostprocessing = 0;
		};
		FD5E28EC25A56B220049EA05 /* Frameworks */ = {
			isa = PBXFrameworksBuildPhase;
			buildActionMask = 2147483647;
			files = (
			);
			runOnlyForDeploymentPostprocessing = 0;
		};
/* End PBXFrameworksBuildPhase section */

/* Begin PBXGroup section */
		FD5E28C525A56B210049EA05 = {
			isa = PBXGroup;
			children = (
				FD5E28D025A56B210049EA05 /* Tip Calculator */,
				FD5E28E725A56B220049EA05 /* Tip CalculatorTests */,
				FD5E28F225A56B220049EA05 /* Tip CalculatorUITests */,
				FD5E28CF25A56B210049EA05 /* Products */,
			);
			sourceTree = "<group>";
		};
		FD5E28CF25A56B210049EA05 /* Products */ = {
			isa = PBXGroup;
			children = (
				FD5E28CE25A56B210049EA05 /* Tip Calculator.app */,
				FD5E28E425A56B220049EA05 /* Tip CalculatorTests.xctest */,
				FD5E28EF25A56B220049EA05 /* Tip CalculatorUITests.xctest */,
			);
			name = Products;
			sourceTree = "<group>";
		};
		FD5E28D025A56B210049EA05 /* Tip Calculator */ = {
			isa = PBXGroup;
			children = (
				FD5E28D125A56B210049EA05 /* AppDelegate.swift */,
				FD5E28D325A56B210049EA05 /* SceneDelegate.swift */,
				FD5E28D525A56B210049EA05 /* ViewController.swift */,
				FD5E28D725A56B210049EA05 /* Main.storyboard */,
				FD5E290725A61A640049EA05 /* SettingsViewController.swift */,
				FD5E28DA25A56B210049EA05 /* Assets.xcassets */,
				FD5E28DC25A56B210049EA05 /* LaunchScreen.storyboard */,
				FD5E28DF25A56B210049EA05 /* Info.plist */,
			);
			path = "Tip Calculator";
			sourceTree = "<group>";
		};
		FD5E28E725A56B220049EA05 /* Tip CalculatorTests */ = {
			isa = PBXGroup;
			children = (
				FD5E28E825A56B220049EA05 /* Tip_CalculatorTests.swift */,
				FD5E28EA25A56B220049EA05 /* Info.plist */,
			);
			path = "Tip CalculatorTests";
			sourceTree = "<group>";
		};
		FD5E28F225A56B220049EA05 /* Tip CalculatorUITests */ = {
			isa = PBXGroup;
			children = (
				FD5E28F325A56B220049EA05 /* Tip_CalculatorUITests.swift */,
				FD5E28F525A56B220049EA05 /* Info.plist */,
			);
			path = "Tip CalculatorUITests";
			sourceTree = "<group>";
		};
/* End PBXGroup section */

/* Begin PBXNativeTarget section */
		FD5E28CD25A56B210049EA05 /* Tip Calculator */ = {
			isa = PBXNativeTarget;
			buildConfigurationList = FD5E28F825A56B220049EA05 /* Build configuration list for PBXNativeTarget "Tip Calculator" */;
			buildPhases = (
				FD5E28CA25A56B210049EA05 /* Sources */,
				FD5E28CB25A56B210049EA05 /* Frameworks */,
				FD5E28CC25A56B210049EA05 /* Resources */,
			);
			buildRules = (
			);
			dependencies = (
			);
			name = "Tip Calculator";
			productName = "Tip Calculator";
			productReference = FD5E28CE25A56B210049EA05 /* Tip Calculator.app */;
			productType = "com.apple.product-type.application";
		};
		FD5E28E325A56B220049EA05 /* Tip CalculatorTests */ = {
			isa = PBXNativeTarget;
			buildConfigurationList = FD5E28FB25A56B220049EA05 /* Build configuration list for PBXNativeTarget "Tip CalculatorTests" */;
			buildPhases = (
				FD5E28E025A56B220049EA05 /* Sources */,
				FD5E28E125A56B220049EA05 /* Frameworks */,
				FD5E28E225A56B220049EA05 /* Resources */,
			);
			buildRules = (
			);
			dependencies = (
				FD5E28E625A56B220049EA05 /* PBXTargetDependency */,
			);
			name = "Tip CalculatorTests";
			productName = "Tip CalculatorTests";
			productReference = FD5E28E425A56B220049EA05 /* Tip CalculatorTests.xctest */;
			productType = "com.apple.product-type.bundle.unit-test";
		};
		FD5E28EE25A56B220049EA05 /* Tip CalculatorUITests */ = {
			isa = PBXNativeTarget;
			buildConfigurationList = FD5E28FE25A56B220049EA05 /* Build configuration list for PBXNativeTarget "Tip CalculatorUITests" */;
			buildPhases = (
				FD5E28EB25A56B220049EA05 /* Sources */,
				FD5E28EC25A56B220049EA05 /* Frameworks */,
				FD5E28ED25A56B220049EA05 /* Resources */,
			);
			buildRules = (
			);
			dependencies = (
				FD5E28F125A56B220049EA05 /* PBXTargetDependency */,
			);
			name = "Tip CalculatorUITests";
			productName = "Tip CalculatorUITests";
			productReference = FD5E28EF25A56B220049EA05 /* Tip CalculatorUITests.xctest */;
			productType = "com.apple.product-type.bundle.ui-testing";
		};
/* End PBXNativeTarget section */

/* Begin PBXProject section */
		FD5E28C625A56B210049EA05 /* Project object */ = {
			isa = PBXProject;
			attributes = {
				LastSwiftUpdateCheck = 1230;
				LastUpgradeCheck = 1230;
				TargetAttributes = {
					FD5E28CD25A56B210049EA05 = {
						CreatedOnToolsVersion = 12.3;
					};
					FD5E28E325A56B220049EA05 = {
						CreatedOnToolsVersion = 12.3;
						TestTargetID = FD5E28CD25A56B210049EA05;
					};
					FD5E28EE25A56B220049EA05 = {
						CreatedOnToolsVersion = 12.3;
						TestTargetID = FD5E28CD25A56B210049EA05;
					};
				};
			};
			buildConfigurationList = FD5E28C925A56B210049EA05 /* Build configuration list for PBXProject "Tip Calculator" */;
			compatibilityVersion = "Xcode 9.3";
			developmentRegion = en;
			hasScannedForEncodings = 0;
			knownRegions = (
				en,
				Base,
			);
			mainGroup = FD5E28C525A56B210049EA05;
			productRefGroup = FD5E28CF25A56B210049EA05 /* Products */;
			projectDirPath = "";
			projectRoot = "";
			targets = (
				FD5E28CD25A56B210049EA05 /* Tip Calculator */,
				FD5E28E325A56B220049EA05 /* Tip CalculatorTests */,
				FD5E28EE25A56B220049EA05 /* Tip CalculatorUITests */,
			);
		};
/* End PBXProject section */

/* Begin PBXResourcesBuildPhase section */
		FD5E28CC25A56B210049EA05 /* Resources */ = {
			isa = PBXResourcesBuildPhase;
			buildActionMask = 2147483647;
			files = (
				FD5E28DE25A56B210049EA05 /* LaunchScreen.storyboard in Resources */,
				FD5E28DB25A56B210049EA05 /* Assets.xcassets in Resources */,
				FD5E28D925A56B210049EA05 /* Main.storyboard in Resources */,
			);
			runOnlyForDeploymentPostprocessing = 0;
		};
		FD5E28E225A56B220049EA05 /* Resources */ = {
			isa = PBXResourcesBuildPhase;
			buildActionMask = 2147483647;
			files = (
			);
			runOnlyForDeploymentPostprocessing = 0;
		};
		FD5E28ED25A56B220049EA05 /* Resources */ = {
			isa = PBXResourcesBuildPhase;
			buildActionMask = 2147483647;
			files = (
			);
			runOnlyForDeploymentPostprocessing = 0;
		};
/* End PBXResourcesBuildPhase section */

/* Begin PBXSourcesBuildPhase section */
		FD5E28CA25A56B210049EA05 /* Sources */ = {
			isa = PBXSourcesBuildPhase;
			buildActionMask = 2147483647;
			files = (
				FD5E28D625A56B210049EA05 /* ViewController.swift in Sources */,
				FD5E28D225A56B210049EA05 /* AppDelegate.swift in Sources */,
				FD5E28D425A56B210049EA05 /* SceneDelegate.swift in Sources */,
				FD5E290825A61A640049EA05 /* SettingsViewController.swift in Sources */,
			);
			runOnlyForDeploymentPostprocessing = 0;
		};
		FD5E28E025A56B220049EA05 /* Sources */ = {
			isa = PBXSourcesBuildPhase;
			buildActionMask = 2147483647;
			files = (
				FD5E28E925A56B220049EA05 /* Tip_CalculatorTests.swift in Sources */,
			);
			runOnlyForDeploymentPostprocessing = 0;
		};
		FD5E28EB25A56B220049EA05 /* Sources */ = {
			isa = PBXSourcesBuildPhase;
			buildActionMask = 2147483647;
			files = (
				FD5E28F425A56B220049EA05 /* Tip_CalculatorUITests.swift in Sources */,
			);
			runOnlyForDeploymentPostprocessing = 0;
		};
/* End PBXSourcesBuildPhase section */

/* Begin PBXTargetDependency section */
		FD5E28E625A56B220049EA05 /* PBXTargetDependency */ = {
			isa = PBXTargetDependency;
			target = FD5E28CD25A56B210049EA05 /* Tip Calculator */;
			targetProxy = FD5E28E525A56B220049EA05 /* PBXContainerItemProxy */;
		};
		FD5E28F125A56B220049EA05 /* PBXTargetDependency */ = {
			isa = PBXTargetDependency;
			target = FD5E28CD25A56B210049EA05 /* Tip Calculator */;
			targetProxy = FD5E28F025A56B220049EA05 /* PBXContainerItemProxy */;
		};
/* End PBXTargetDependency section */

/* Begin PBXVariantGroup section */
		FD5E28D725A56B210049EA05 /* Main.storyboard */ = {
			isa = PBXVariantGroup;
			children = (
				FD5E28D825A56B210049EA05 /* Base */,
			);
			name = Main.storyboard;
			sourceTree = "<group>";
		};
		FD5E28DC25A56B210049EA05 /* LaunchScreen.storyboard */ = {
			isa = PBXVariantGroup;
			children = (
				FD5E28DD25A56B210049EA05 /* Base */,
			);
			name = LaunchScreen.storyboard;
			sourceTree = "<group>";
		};
/* End PBXVariantGroup section */

/* Begin XCBuildConfiguration section */
		FD5E28F625A56B220049EA05 /* Debug */ = {
			isa = XCBuildConfiguration;
			buildSettings = {
				ALWAYS_SEARCH_USER_PATHS = NO;
				CLANG_ANALYZER_NONNULL = YES;
				CLANG_ANALYZER_NUMBER_OBJECT_CONVERSION = YES_AGGRESSIVE;
				CLANG_CXX_LANGUAGE_STANDARD = "gnu++14";
				CLANG_CXX_LIBRARY = "libc++";
				CLANG_ENABLE_MODULES = YES;
				CLANG_ENABLE_OBJC_ARC = YES;
				CLANG_ENABLE_OBJC_WEAK = YES;
				CLANG_WARN_BLOCK_CAPTURE_AUTORELEASING = YES;
				CLANG_WARN_BOOL_CONVERSION = YES;
				CLANG_WARN_COMMA = YES;
				CLANG_WARN_CONSTANT_CONVERSION = YES;
				CLANG_WARN_DEPRECATED_OBJC_IMPLEMENTATIONS = YES;
				CLANG_WARN_DIRECT_OBJC_ISA_USAGE = YES_ERROR;
				CLANG_WARN_DOCUMENTATION_COMMENTS = YES;
				CLANG_WARN_EMPTY_BODY = YES;
				CLANG_WARN_ENUM_CONVERSION = YES;
				CLANG_WARN_INFINITE_RECURSION = YES;
				CLANG_WARN_INT_CONVERSION = YES;
				CLANG_WARN_NON_LITERAL_NULL_CONVERSION = YES;
				CLANG_WARN_OBJC_IMPLICIT_RETAIN_SELF = YES;
				CLANG_WARN_OBJC_LITERAL_CONVERSION = YES;
				CLANG_WARN_OBJC_ROOT_CLASS = YES_ERROR;
				CLANG_WARN_QUOTED_INCLUDE_IN_FRAMEWORK_HEADER = YES;
				CLANG_WARN_RANGE_LOOP_ANALYSIS = YES;
				CLANG_WARN_STRICT_PROTOTYPES = YES;
				CLANG_WARN_SUSPICIOUS_MOVE = YES;
				CLANG_WARN_UNGUARDED_AVAILABILITY = YES_AGGRESSIVE;
				CLANG_WARN_UNREACHABLE_CODE = YES;
				CLANG_WARN__DUPLICATE_METHOD_MATCH = YES;
				COPY_PHASE_STRIP = NO;
				DEBUG_INFORMATION_FORMAT = dwarf;
				ENABLE_STRICT_OBJC_MSGSEND = YES;
				ENABLE_TESTABILITY = YES;
				GCC_C_LANGUAGE_STANDARD = gnu11;
				GCC_DYNAMIC_NO_PIC = NO;
				GCC_NO_COMMON_BLOCKS = YES;
				GCC_OPTIMIZATION_LEVEL = 0;
				GCC_PREPROCESSOR_DEFINITIONS = (
					"DEBUG=1",
					"$(inherited)",
				);
				GCC_WARN_64_TO_32_BIT_CONVERSION = YES;
				GCC_WARN_ABOUT_RETURN_TYPE = YES_ERROR;
				GCC_WARN_UNDECLARED_SELECTOR = YES;
				GCC_WARN_UNINITIALIZED_AUTOS = YES_AGGRESSIVE;
				GCC_WARN_UNUSED_FUNCTION = YES;
				GCC_WARN_UNUSED_VARIABLE = YES;
				IPHONEOS_DEPLOYMENT_TARGET = 14.3;
				MTL_ENABLE_DEBUG_INFO = INCLUDE_SOURCE;
				MTL_FAST_MATH = YES;
				ONLY_ACTIVE_ARCH = YES;
				SDKROOT = iphoneos;
				SWIFT_ACTIVE_COMPILATION_CONDITIONS = DEBUG;
				SWIFT_OPTIMIZATION_LEVEL = "-Onone";
			};
			name = Debug;
		};
		FD5E28F725A56B220049EA05 /* Release */ = {
			isa = XCBuildConfiguration;
			buildSettings = {
				ALWAYS_SEARCH_USER_PATHS = NO;
				CLANG_ANALYZER_NONNULL = YES;
				CLANG_ANALYZER_NUMBER_OBJECT_CONVERSION = YES_AGGRESSIVE;
				CLANG_CXX_LANGUAGE_STANDARD = "gnu++14";
				CLANG_CXX_LIBRARY = "libc++";
				CLANG_ENABLE_MODULES = YES;
				CLANG_ENABLE_OBJC_ARC = YES;
				CLANG_ENABLE_OBJC_WEAK = YES;
				CLANG_WARN_BLOCK_CAPTURE_AUTORELEASING = YES;
				CLANG_WARN_BOOL_CONVERSION = YES;
				CLANG_WARN_COMMA = YES;
				CLANG_WARN_CONSTANT_CONVERSION = YES;
				CLANG_WARN_DEPRECATED_OBJC_IMPLEMENTATIONS = YES;
				CLANG_WARN_DIRECT_OBJC_ISA_USAGE = YES_ERROR;
				CLANG_WARN_DOCUMENTATION_COMMENTS = YES;
				CLANG_WARN_EMPTY_BODY = YES;
				CLANG_WARN_ENUM_CONVERSION = YES;
				CLANG_WARN_INFINITE_RECURSION = YES;
				CLANG_WARN_INT_CONVERSION = YES;
				CLANG_WARN_NON_LITERAL_NULL_CONVERSION = YES;
				CLANG_WARN_OBJC_IMPLICIT_RETAIN_SELF = YES;
				CLANG_WARN_OBJC_LITERAL_CONVERSION = YES;
				CLANG_WARN_OBJC_ROOT_CLASS = YES_ERROR;
				CLANG_WARN_QUOTED_INCLUDE_IN_FRAMEWORK_HEADER = YES;
				CLANG_WARN_RANGE_LOOP_ANALYSIS = YES;
				CLANG_WARN_STRICT_PROTOTYPES = YES;
				CLANG_WARN_SUSPICIOUS_MOVE = YES;
				CLANG_WARN_UNGUARDED_AVAILABILITY = YES_AGGRESSIVE;
				CLANG_WARN_UNREACHABLE_CODE = YES;
				CLANG_WARN__DUPLICATE_METHOD_MATCH = YES;
				COPY_PHASE_STRIP = NO;
				DEBUG_INFORMATION_FORMAT = "dwarf-with-dsym";
				ENABLE_NS_ASSERTIONS = NO;
				ENABLE_STRICT_OBJC_MSGSEND = YES;
				GCC_C_LANGUAGE_STANDARD = gnu11;
				GCC_NO_COMMON_BLOCKS = YES;
				GCC_WARN_64_TO_32_BIT_CONVERSION = YES;
				GCC_WARN_ABOUT_RETURN_TYPE = YES_ERROR;
				GCC_WARN_UNDECLARED_SELECTOR = YES;
				GCC_WARN_UNINITIALIZED_AUTOS = YES_AGGRESSIVE;
				GCC_WARN_UNUSED_FUNCTION = YES;
				GCC_WARN_UNUSED_VARIABLE = YES;
				IPHONEOS_DEPLOYMENT_TARGET = 14.3;
				MTL_ENABLE_DEBUG_INFO = NO;
				MTL_FAST_MATH = YES;
				SDKROOT = iphoneos;
				SWIFT_COMPILATION_MODE = wholemodule;
				SWIFT_OPTIMIZATION_LEVEL = "-O";
				VALIDATE_PRODUCT = YES;
			};
			name = Release;
		};
		FD5E28F925A56B220049EA05 /* Debug */ = {
			isa = XCBuildConfiguration;
			buildSettings = {
				ASSETCATALOG_COMPILER_APPICON_NAME = AppIcon;
				ASSETCATALOG_COMPILER_GLOBAL_ACCENT_COLOR_NAME = AccentColor;
				CODE_SIGN_STYLE = Automatic;
				INFOPLIST_FILE = "Tip Calculator/Info.plist";
				LD_RUNPATH_SEARCH_PATHS = (
					"$(inherited)",
					"@executable_path/Frameworks",
				);
				PRODUCT_BUNDLE_IDENTIFIER = "memo.com.Tip-Calculator";
				PRODUCT_NAME = "$(TARGET_NAME)";
				SWIFT_VERSION = 5.0;
				TARGETED_DEVICE_FAMILY = "1,2";
			};
			name = Debug;
		};
		FD5E28FA25A56B220049EA05 /* Release */ = {
			isa = XCBuildConfiguration;
			buildSettings = {
				ASSETCATALOG_COMPILER_APPICON_NAME = AppIcon;
				ASSETCATALOG_COMPILER_GLOBAL_ACCENT_COLOR_NAME = AccentColor;
				CODE_SIGN_STYLE = Automatic;
				INFOPLIST_FILE = "Tip Calculator/Info.plist";
				LD_RUNPATH_SEARCH_PATHS = (
					"$(inherited)",
					"@executable_path/Frameworks",
				);
				PRODUCT_BUNDLE_IDENTIFIER = "memo.com.Tip-Calculator";
				PRODUCT_NAME = "$(TARGET_NAME)";
				SWIFT_VERSION = 5.0;
				TARGETED_DEVICE_FAMILY = "1,2";
			};
			name = Release;
		};
		FD5E28FC25A56B220049EA05 /* Debug */ = {
			isa = XCBuildConfiguration;
			buildSettings = {
				ALWAYS_EMBED_SWIFT_STANDARD_LIBRARIES = YES;
				BUNDLE_LOADER = "$(TEST_HOST)";
				CODE_SIGN_STYLE = Automatic;
				INFOPLIST_FILE = "Tip CalculatorTests/Info.plist";
				IPHONEOS_DEPLOYMENT_TARGET = 14.3;
				LD_RUNPATH_SEARCH_PATHS = (
					"$(inherited)",
					"@executable_path/Frameworks",
					"@loader_path/Frameworks",
				);
				PRODUCT_BUNDLE_IDENTIFIER = "memo.com.Tip-CalculatorTests";
				PRODUCT_NAME = "$(TARGET_NAME)";
				SWIFT_VERSION = 5.0;
				TARGETED_DEVICE_FAMILY = "1,2";
				TEST_HOST = "$(BUILT_PRODUCTS_DIR)/Tip Calculator.app/Tip Calculator";
			};
			name = Debug;
		};
		FD5E28FD25A56B220049EA05 /* Release */ = {
			isa = XCBuildConfiguration;
			buildSettings = {
				ALWAYS_EMBED_SWIFT_STANDARD_LIBRARIES = YES;
				BUNDLE_LOADER = "$(TEST_HOST)";
				CODE_SIGN_STYLE = Automatic;
				INFOPLIST_FILE = "Tip CalculatorTests/Info.plist";
				IPHONEOS_DEPLOYMENT_TARGET = 14.3;
				LD_RUNPATH_SEARCH_PATHS = (
					"$(inherited)",
					"@executable_path/Frameworks",
					"@loader_path/Frameworks",
				);
				PRODUCT_BUNDLE_IDENTIFIER = "memo.com.Tip-CalculatorTests";
				PRODUCT_NAME = "$(TARGET_NAME)";
				SWIFT_VERSION = 5.0;
				TARGETED_DEVICE_FAMILY = "1,2";
				TEST_HOST = "$(BUILT_PRODUCTS_DIR)/Tip Calculator.app/Tip Calculator";
			};
			name = Release;
		};
		FD5E28FF25A56B220049EA05 /* Debug */ = {
			isa = XCBuildConfiguration;
			buildSettings = {
				ALWAYS_EMBED_SWIFT_STANDARD_LIBRARIES = YES;
				CODE_SIGN_STYLE = Automatic;
				INFOPLIST_FILE = "Tip CalculatorUITests/Info.plist";
				LD_RUNPATH_SEARCH_PATHS = (
					"$(inherited)",
					"@executable_path/Frameworks",
					"@loader_path/Frameworks",
				);
				PRODUCT_BUNDLE_IDENTIFIER = "memo.com.Tip-CalculatorUITests";
				PRODUCT_NAME = "$(TARGET_NAME)";
				SWIFT_VERSION = 5.0;
				TARGETED_DEVICE_FAMILY = "1,2";
				TEST_TARGET_NAME = "Tip Calculator";
			};
			name = Debug;
		};
		FD5E290025A56B220049EA05 /* Release */ = {
			isa = XCBuildConfiguration;
			buildSettings = {
				ALWAYS_EMBED_SWIFT_STANDARD_LIBRARIES = YES;
				CODE_SIGN_STYLE = Automatic;
				INFOPLIST_FILE = "Tip CalculatorUITests/Info.plist";
				LD_RUNPATH_SEARCH_PATHS = (
					"$(inherited)",
					"@executable_path/Frameworks",
					"@loader_path/Frameworks",
				);
				PRODUCT_BUNDLE_IDENTIFIER = "memo.com.Tip-CalculatorUITests";
				PRODUCT_NAME = "$(TARGET_NAME)";
				SWIFT_VERSION = 5.0;
				TARGETED_DEVICE_FAMILY = "1,2";
				TEST_TARGET_NAME = "Tip Calculator";
			};
			name = Release;
		};
/* End XCBuildConfiguration section */

/* Begin XCConfigurationList section */
		FD5E28C925A56B210049EA05 /* Build configuration list for PBXProject "Tip Calculator" */ = {
			isa = XCConfigurationList;
			buildConfigurations = (
				FD5E28F625A56B220049EA05 /* Debug */,
				FD5E28F725A56B220049EA05 /* Release */,
			);
			defaultConfigurationIsVisible = 0;
			defaultConfigurationName = Release;
		};
		FD5E28F825A56B220049EA05 /* Build configuration list for PBXNativeTarget "Tip Calculator" */ = {
			isa = XCConfigurationList;
			buildConfigurations = (
				FD5E28F925A56B220049EA05 /* Debug */,
				FD5E28FA25A56B220049EA05 /* Release */,
			);
			defaultConfigurationIsVisible = 0;
			defaultConfigurationName = Release;
		};
		FD5E28FB25A56B220049EA05 /* Build configuration list for PBXNativeTarget "Tip CalculatorTests" */ = {
			isa = XCConfigurationList;
			buildConfigurations = (
				FD5E28FC25A56B220049EA05 /* Debug */,
				FD5E28FD25A56B220049EA05 /* Release */,
			);
			defaultConfigurationIsVisible = 0;
			defaultConfigurationName = Release;
		};
		FD5E28FE25A56B220049EA05 /* Build configuration list for PBXNativeTarget "Tip CalculatorUITests" */ = {
			isa = XCConfigurationList;
			buildConfigurations = (
				FD5E28FF25A56B220049EA05 /* Debug */,
				FD5E290025A56B220049EA05 /* Release */,
			);
			defaultConfigurationIsVisible = 0;
			defaultConfigurationName = Release;
		};
/* End XCConfigurationList section */
	};
	rootObject = FD5E28C625A56B210049EA05 /* Project object */;
}
